
Microsoft Visual Studio Solution File, Format Version 12.00
# Visual Studio Version 16
VisualStudioVersion = 16.0.30611.23
MinimumVisualStudioVersion = 10.0.40219.1
Project("{9A19103F-16F7-4668-BE54-9A1E7A4F7556}") = "MLAPITest", "MLAPITest\MLAPITest.csproj", "{8DF25A64-FBFE-423F-A794-CD456C993ED3}"
EndProject
Project("{9A19103F-16F7-4668-BE54-9A1E7A4F7556}") = "MLAPITestML.Model", "MLAPITestML.Model\MLAPITestML.Model.csproj", "{0611D972-E967-4508-9251-29C5D6C76521}"
EndProject
Project("{9A19103F-16F7-4668-BE54-9A1E7A4F7556}") = "MLAPITestML.ConsoleApp", "MLAPITestML.ConsoleApp\MLAPITestML.ConsoleApp.csproj", "{543A8380-E298-4DDD-A31C-32E908C840BB}"
EndProject
Global
	GlobalSection(SolutionConfigurationPlatforms) = preSolution
		Debug|Any CPU = Debug|Any CPU
		Release|Any CPU = Release|Any CPU
	EndGlobalSection
	GlobalSection(ProjectConfigurationPlatforms) = postSolution
		{8DF25A64-FBFE-423F-A794-CD456C993ED3}.Debug|Any CPU.ActiveCfg = Debug|Any CPU
		{8DF25A64-FBFE-423F-A794-CD456C993ED3}.Debug|Any CPU.Build.0 = Debug|Any CPU
		{8DF25A64-FBFE-423F-A794-CD456C993ED3}.Release|Any CPU.ActiveCfg = Release|Any CPU
		{8DF25A64-FBFE-423F-A794-CD456C993ED3}.Release|Any CPU.Build.0 = Release|Any CPU
		{0611D972-E967-4508-9251-29C5D6C76521}.Debug|Any CPU.ActiveCfg = Debug|Any CPU
		{0611D972-E967-4508-9251-29C5D6C76521}.Debug|Any CPU.Build.0 = Debug|Any CPU
		{0611D972-E967-4508-9251-29C5D6C76521}.Release|Any CPU.ActiveCfg = Release|Any CPU
		{0611D972-E967-4508-9251-29C5D6C76521}.Release|Any CPU.Build.0 = Release|Any CPU
		{543A8380-E298-4DDD-A31C-32E908C840BB}.Debug|Any CPU.ActiveCfg = Debug|Any CPU
		{543A8380-E298-4DDD-A31C-32E908C840BB}.Debug|Any CPU.Build.0 = Debug|Any CPU
		{543A8380-E298-4DDD-A31C-32E908C840BB}.Release|Any CPU.ActiveCfg = Release|Any CPU
		{543A8380-E298-4DDD-A31C-32E908C840BB}.Release|Any CPU.Build.0 = Release|Any CPU
	EndGlobalSection
	GlobalSection(SolutionProperties) = preSolution
		HideSolutionNode = FALSE
	EndGlobalSection
	GlobalSection(ExtensibilityGlobals) = postSolution
		SolutionGuid = {4CAB63D5-E903-40C2-B2B7-36B4241F0876}
	EndGlobalSection
EndGlobal
